
Microsoft Visual Studio Solution File, Format Version 12.00
# Visual Studio Version 17
VisualStudioVersion = 17.8.34322.80
MinimumVisualStudioVersion = 10.0.40219.1
Project("{FAE04EC0-301F-11D3-BF4B-00C04F79EFBC}") = "FlyByWireSASMode", "FlyByWireSASMode.csproj", "{FCE5C5F0-F2E3-41BA-A33F-0A9888E486F8}"
EndProject
Project("{2150E333-8FDC-42A3-9474-1A3956D46DE8}") = "Solution Items", "Solution Items", "{32A9AB6B-321D-43DE-9A81-8CFF164DBE7E}"
	ProjectSection(SolutionItems) = preProject
		GameData\FlyByWireSASMode\FlyByWireSASMode.version = GameData\FlyByWireSASMode\FlyByWireSASMode.version
		LICENSE.txt = LICENSE.txt
		README.md = README.md
	EndProjectSection
EndProject
Global
	GlobalSection(SolutionConfigurationPlatforms) = preSolution
		Debug|Any CPU = Debug|Any CPU
		Release|Any CPU = Release|Any CPU
	EndGlobalSection
	GlobalSection(ProjectConfigurationPlatforms) = postSolution
		{FCE5C5F0-F2E3-41BA-A33F-0A9888E486F8}.Debug|Any CPU.ActiveCfg = Debug|Any CPU
		{FCE5C5F0-F2E3-41BA-A33F-0A9888E486F8}.Debug|Any CPU.Build.0 = Debug|Any CPU
		{FCE5C5F0-F2E3-41BA-A33F-0A9888E486F8}.Release|Any CPU.ActiveCfg = Release|Any CPU
		{FCE5C5F0-F2E3-41BA-A33F-0A9888E486F8}.Release|Any CPU.Build.0 = Release|Any CPU
	EndGlobalSection
	GlobalSection(SolutionProperties) = preSolution
		HideSolutionNode = FALSE
	EndGlobalSection
	GlobalSection(ExtensibilityGlobals) = postSolution
		SolutionGuid = {C3D2A6FF-BD33-46AC-81D3-E4397EBDBA8C}
	EndGlobalSection
EndGlobal
